
Microsoft Visual Studio Solution File, Format Version 12.00
# Visual Studio Version 17
VisualStudioVersion = 17.1.32328.378
MinimumVisualStudioVersion = 10.0.40219.1
Project("{888888A0-9F3D-457C-B088-3A5042F75D52}") = "EngMyanWx", "src\EngMyanWx.pyproj", "{3B25DB78-65F6-47AA-8342-468F17FE7BB2}"
EndProject
Global
	GlobalSection(SolutionConfigurationPlatforms) = preSolution
		Debug|Any CPU = Debug|Any CPU
		Release|Any CPU = Release|Any CPU
	EndGlobalSection
	GlobalSection(ProjectConfigurationPlatforms) = postSolution
		{3B25DB78-65F6-47AA-8342-468F17FE7BB2}.Debug|Any CPU.ActiveCfg = Debug|Any CPU
		{3B25DB78-65F6-47AA-8342-468F17FE7BB2}.Release|Any CPU.ActiveCfg = Release|Any CPU
	EndGlobalSection
	GlobalSection(SolutionProperties) = preSolution
		HideSolutionNode = FALSE
	EndGlobalSection
	GlobalSection(ExtensibilityGlobals) = postSolution
		SolutionGuid = {97AAD79E-EAB2-4551-9B66-F2C71E4A1515}
	EndGlobalSection
EndGlobal
